
Microsoft Visual Studio Solution File, Format Version 12.00
# Visual Studio Version 17
VisualStudioVersion = 17.11.35327.3
MinimumVisualStudioVersion = 10.0.40219.1
Project("{FAE04EC0-301F-11D3-BF4B-00C04F79EFBC}") = "a4_YakıtTuketimHesaplama", "a4_YakıtTuketimHesaplama\a4_YakıtTuketimHesaplama.csproj", "{4A0FDE16-A6F3-4D77-8221-635290E39118}"
EndProject
Global
	GlobalSection(SolutionConfigurationPlatforms) = preSolution
		Debug|Any CPU = Debug|Any CPU
		Release|Any CPU = Release|Any CPU
	EndGlobalSection
	GlobalSection(ProjectConfigurationPlatforms) = postSolution
		{4A0FDE16-A6F3-4D77-8221-635290E39118}.Debug|Any CPU.ActiveCfg = Debug|Any CPU
		{4A0FDE16-A6F3-4D77-8221-635290E39118}.Debug|Any CPU.Build.0 = Debug|Any CPU
		{4A0FDE16-A6F3-4D77-8221-635290E39118}.Release|Any CPU.ActiveCfg = Release|Any CPU
		{4A0FDE16-A6F3-4D77-8221-635290E39118}.Release|Any CPU.Build.0 = Release|Any CPU
	EndGlobalSection
	GlobalSection(SolutionProperties) = preSolution
		HideSolutionNode = FALSE
	EndGlobalSection
	GlobalSection(ExtensibilityGlobals) = postSolution
		SolutionGuid = {1A3B21DB-2002-41CA-8CB7-5587038B3EB3}
	EndGlobalSection
EndGlobal
