
Microsoft Visual Studio Solution File, Format Version 12.00
# Visual Studio Version 17
VisualStudioVersion = 17.11.35327.3
MinimumVisualStudioVersion = 10.0.40219.1
Project("{FAE04EC0-301F-11D3-BF4B-00C04F79EFBC}") = "b7_WhileDongusu", "b7_WhileDongusu\b7_WhileDongusu.csproj", "{A1FDB933-3AE4-49B2-9A06-D0D4CC906F78}"
EndProject
Global
	GlobalSection(SolutionConfigurationPlatforms) = preSolution
		Debug|Any CPU = Debug|Any CPU
		Release|Any CPU = Release|Any CPU
	EndGlobalSection
	GlobalSection(ProjectConfigurationPlatforms) = postSolution
		{A1FDB933-3AE4-49B2-9A06-D0D4CC906F78}.Debug|Any CPU.ActiveCfg = Debug|Any CPU
		{A1FDB933-3AE4-49B2-9A06-D0D4CC906F78}.Debug|Any CPU.Build.0 = Debug|Any CPU
		{A1FDB933-3AE4-49B2-9A06-D0D4CC906F78}.Release|Any CPU.ActiveCfg = Release|Any CPU
		{A1FDB933-3AE4-49B2-9A06-D0D4CC906F78}.Release|Any CPU.Build.0 = Release|Any CPU
	EndGlobalSection
	GlobalSection(SolutionProperties) = preSolution
		HideSolutionNode = FALSE
	EndGlobalSection
	GlobalSection(ExtensibilityGlobals) = postSolution
		SolutionGuid = {30209066-2E1C-4BFA-8C89-E971ADB4B0A5}
	EndGlobalSection
EndGlobal
