
Microsoft Visual Studio Solution File, Format Version 12.00
# Visual Studio Version 17
VisualStudioVersion = 17.11.35327.3
MinimumVisualStudioVersion = 10.0.40219.1
Project("{FAE04EC0-301F-11D3-BF4B-00C04F79EFBC}") = "d1_KelimeSayaci", "d1_KelimeSayaci\d1_KelimeSayaci.csproj", "{1C58D0EB-21E9-4D69-8913-054D3660458C}"
EndProject
Global
	GlobalSection(SolutionConfigurationPlatforms) = preSolution
		Debug|Any CPU = Debug|Any CPU
		Release|Any CPU = Release|Any CPU
	EndGlobalSection
	GlobalSection(ProjectConfigurationPlatforms) = postSolution
		{1C58D0EB-21E9-4D69-8913-054D3660458C}.Debug|Any CPU.ActiveCfg = Debug|Any CPU
		{1C58D0EB-21E9-4D69-8913-054D3660458C}.Debug|Any CPU.Build.0 = Debug|Any CPU
		{1C58D0EB-21E9-4D69-8913-054D3660458C}.Release|Any CPU.ActiveCfg = Release|Any CPU
		{1C58D0EB-21E9-4D69-8913-054D3660458C}.Release|Any CPU.Build.0 = Release|Any CPU
	EndGlobalSection
	GlobalSection(SolutionProperties) = preSolution
		HideSolutionNode = FALSE
	EndGlobalSection
	GlobalSection(ExtensibilityGlobals) = postSolution
		SolutionGuid = {B6E08D43-6DDD-4671-BE0E-9996231F73E6}
	EndGlobalSection
EndGlobal
