
Microsoft Visual Studio Solution File, Format Version 12.00
# Visual Studio Version 17
VisualStudioVersion = 17.11.35327.3
MinimumVisualStudioVersion = 10.0.40219.1
Project("{FAE04EC0-301F-11D3-BF4B-00C04F79EFBC}") = "d5_Return", "d5_Return\d5_Return.csproj", "{E07E100D-4D5D-4D00-B905-FCC529E49643}"
EndProject
Global
	GlobalSection(SolutionConfigurationPlatforms) = preSolution
		Debug|Any CPU = Debug|Any CPU
		Release|Any CPU = Release|Any CPU
	EndGlobalSection
	GlobalSection(ProjectConfigurationPlatforms) = postSolution
		{E07E100D-4D5D-4D00-B905-FCC529E49643}.Debug|Any CPU.ActiveCfg = Debug|Any CPU
		{E07E100D-4D5D-4D00-B905-FCC529E49643}.Debug|Any CPU.Build.0 = Debug|Any CPU
		{E07E100D-4D5D-4D00-B905-FCC529E49643}.Release|Any CPU.ActiveCfg = Release|Any CPU
		{E07E100D-4D5D-4D00-B905-FCC529E49643}.Release|Any CPU.Build.0 = Release|Any CPU
	EndGlobalSection
	GlobalSection(SolutionProperties) = preSolution
		HideSolutionNode = FALSE
	EndGlobalSection
	GlobalSection(ExtensibilityGlobals) = postSolution
		SolutionGuid = {04B10EF2-090A-4193-8A96-ED3E0C63557F}
	EndGlobalSection
EndGlobal
