
Microsoft Visual Studio Solution File, Format Version 12.00
# Visual Studio Version 17
VisualStudioVersion = 17.11.35327.3
MinimumVisualStudioVersion = 10.0.40219.1
Project("{FAE04EC0-301F-11D3-BF4B-00C04F79EFBC}") = "c7_ArmstrongSayi", "c7_ArmstrongSayi\c7_ArmstrongSayi.csproj", "{2E032C2F-B3B8-4AF5-A076-2F03EA2DFF7F}"
EndProject
Global
	GlobalSection(SolutionConfigurationPlatforms) = preSolution
		Debug|Any CPU = Debug|Any CPU
		Release|Any CPU = Release|Any CPU
	EndGlobalSection
	GlobalSection(ProjectConfigurationPlatforms) = postSolution
		{2E032C2F-B3B8-4AF5-A076-2F03EA2DFF7F}.Debug|Any CPU.ActiveCfg = Debug|Any CPU
		{2E032C2F-B3B8-4AF5-A076-2F03EA2DFF7F}.Debug|Any CPU.Build.0 = Debug|Any CPU
		{2E032C2F-B3B8-4AF5-A076-2F03EA2DFF7F}.Release|Any CPU.ActiveCfg = Release|Any CPU
		{2E032C2F-B3B8-4AF5-A076-2F03EA2DFF7F}.Release|Any CPU.Build.0 = Release|Any CPU
	EndGlobalSection
	GlobalSection(SolutionProperties) = preSolution
		HideSolutionNode = FALSE
	EndGlobalSection
	GlobalSection(ExtensibilityGlobals) = postSolution
		SolutionGuid = {4C801CCA-2589-4F49-8BB8-B4FDACB655DA}
	EndGlobalSection
EndGlobal
