
Microsoft Visual Studio Solution File, Format Version 12.00
# Visual Studio Version 17
VisualStudioVersion = 17.11.35327.3
MinimumVisualStudioVersion = 10.0.40219.1
Project("{FAE04EC0-301F-11D3-BF4B-00C04F79EFBC}") = "c3_DiziElemanlariniTerstenYazma", "c3_DiziElemanlariniTerstenYazma\c3_DiziElemanlariniTerstenYazma.csproj", "{BA52D4C0-1AF6-40C0-B460-A3BF40ED1B71}"
EndProject
Global
	GlobalSection(SolutionConfigurationPlatforms) = preSolution
		Debug|Any CPU = Debug|Any CPU
		Release|Any CPU = Release|Any CPU
	EndGlobalSection
	GlobalSection(ProjectConfigurationPlatforms) = postSolution
		{BA52D4C0-1AF6-40C0-B460-A3BF40ED1B71}.Debug|Any CPU.ActiveCfg = Debug|Any CPU
		{BA52D4C0-1AF6-40C0-B460-A3BF40ED1B71}.Debug|Any CPU.Build.0 = Debug|Any CPU
		{BA52D4C0-1AF6-40C0-B460-A3BF40ED1B71}.Release|Any CPU.ActiveCfg = Release|Any CPU
		{BA52D4C0-1AF6-40C0-B460-A3BF40ED1B71}.Release|Any CPU.Build.0 = Release|Any CPU
	EndGlobalSection
	GlobalSection(SolutionProperties) = preSolution
		HideSolutionNode = FALSE
	EndGlobalSection
	GlobalSection(ExtensibilityGlobals) = postSolution
		SolutionGuid = {CD782A38-84E8-47D3-9DF2-DE5268CC8E22}
	EndGlobalSection
EndGlobal
