
Microsoft Visual Studio Solution File, Format Version 12.00
# Visual Studio Version 17
VisualStudioVersion = 17.11.35327.3
MinimumVisualStudioVersion = 10.0.40219.1
Project("{FAE04EC0-301F-11D3-BF4B-00C04F79EFBC}") = "d2_SayiBulma", "d2_SayiBulma\d2_SayiBulma.csproj", "{EAB05402-F48A-41D1-B4D6-902B2A4B69A4}"
EndProject
Global
	GlobalSection(SolutionConfigurationPlatforms) = preSolution
		Debug|Any CPU = Debug|Any CPU
		Release|Any CPU = Release|Any CPU
	EndGlobalSection
	GlobalSection(ProjectConfigurationPlatforms) = postSolution
		{EAB05402-F48A-41D1-B4D6-902B2A4B69A4}.Debug|Any CPU.ActiveCfg = Debug|Any CPU
		{EAB05402-F48A-41D1-B4D6-902B2A4B69A4}.Debug|Any CPU.Build.0 = Debug|Any CPU
		{EAB05402-F48A-41D1-B4D6-902B2A4B69A4}.Release|Any CPU.ActiveCfg = Release|Any CPU
		{EAB05402-F48A-41D1-B4D6-902B2A4B69A4}.Release|Any CPU.Build.0 = Release|Any CPU
	EndGlobalSection
	GlobalSection(SolutionProperties) = preSolution
		HideSolutionNode = FALSE
	EndGlobalSection
	GlobalSection(ExtensibilityGlobals) = postSolution
		SolutionGuid = {6F96D263-2545-43E6-8DDD-02ADBE83561C}
	EndGlobalSection
EndGlobal
