
Microsoft Visual Studio Solution File, Format Version 12.00
# Visual Studio Version 17
VisualStudioVersion = 17.11.35327.3
MinimumVisualStudioVersion = 10.0.40219.1
Project("{FAE04EC0-301F-11D3-BF4B-00C04F79EFBC}") = "a6_KarsilastirmaOperatorleri", "a6_KarsilastirmaOperatorleri\a6_KarsilastirmaOperatorleri.csproj", "{10F9256D-E4BE-49B4-ADAC-B6710A05DCC5}"
EndProject
Global
	GlobalSection(SolutionConfigurationPlatforms) = preSolution
		Debug|Any CPU = Debug|Any CPU
		Release|Any CPU = Release|Any CPU
	EndGlobalSection
	GlobalSection(ProjectConfigurationPlatforms) = postSolution
		{10F9256D-E4BE-49B4-ADAC-B6710A05DCC5}.Debug|Any CPU.ActiveCfg = Debug|Any CPU
		{10F9256D-E4BE-49B4-ADAC-B6710A05DCC5}.Debug|Any CPU.Build.0 = Debug|Any CPU
		{10F9256D-E4BE-49B4-ADAC-B6710A05DCC5}.Release|Any CPU.ActiveCfg = Release|Any CPU
		{10F9256D-E4BE-49B4-ADAC-B6710A05DCC5}.Release|Any CPU.Build.0 = Release|Any CPU
	EndGlobalSection
	GlobalSection(SolutionProperties) = preSolution
		HideSolutionNode = FALSE
	EndGlobalSection
	GlobalSection(ExtensibilityGlobals) = postSolution
		SolutionGuid = {79DB7B83-A5AE-4DA7-A063-0C80252B4C23}
	EndGlobalSection
EndGlobal
