
Microsoft Visual Studio Solution File, Format Version 12.00
# Visual Studio Version 17
VisualStudioVersion = 17.11.35327.3
MinimumVisualStudioVersion = 10.0.40219.1
Project("{FAE04EC0-301F-11D3-BF4B-00C04F79EFBC}") = "a5_DegiskenDegerDegistirme", "a5_DegiskenDegerDegistirme\a5_DegiskenDegerDegistirme.csproj", "{73B12C2D-7C19-4517-BAF1-2CD67357D8DA}"
EndProject
Global
	GlobalSection(SolutionConfigurationPlatforms) = preSolution
		Debug|Any CPU = Debug|Any CPU
		Release|Any CPU = Release|Any CPU
	EndGlobalSection
	GlobalSection(ProjectConfigurationPlatforms) = postSolution
		{73B12C2D-7C19-4517-BAF1-2CD67357D8DA}.Debug|Any CPU.ActiveCfg = Debug|Any CPU
		{73B12C2D-7C19-4517-BAF1-2CD67357D8DA}.Debug|Any CPU.Build.0 = Debug|Any CPU
		{73B12C2D-7C19-4517-BAF1-2CD67357D8DA}.Release|Any CPU.ActiveCfg = Release|Any CPU
		{73B12C2D-7C19-4517-BAF1-2CD67357D8DA}.Release|Any CPU.Build.0 = Release|Any CPU
	EndGlobalSection
	GlobalSection(SolutionProperties) = preSolution
		HideSolutionNode = FALSE
	EndGlobalSection
	GlobalSection(ExtensibilityGlobals) = postSolution
		SolutionGuid = {18338627-9FEC-4225-A64B-A7D66E7BE6E8}
	EndGlobalSection
EndGlobal
